{
  "version": 2,
  "dependencies": {
    "net8.0": {
      "Velopack": {
        "type": "Direct",
        "requested": "[1.2.0, )",
        "resolved": "1.2.0",
        "contentHash": "Rz67gJL619fSBS6omaSINUxyDuwhIxkm5mmubf7uLd5Qgi6LLKaKCha+QFP6n+Bw/UjA0vutnH4JQfYzn6ANtw=="
      },
      "gamehours.core": {
        "type": "Project"
      }
    },
    "net8.0/win-x64": {}
  }
}